
Microsoft Visual Studio Solution File, Format Version 12.00
# Visual Studio 15
VisualStudioVersion = 15.0.28307.645
MinimumVisualStudioVersion = 10.0.40219.1
Project("{9A19103F-16F7-4668-BE54-9A1E7A4F7556}") = "WebApplication", "WebApplication.csproj", "{5B518736-1FE7-4EC6-8343-7B7C6366B410}"
EndProject
Global
	GlobalSection(SolutionConfigurationPlatforms) = preSolution
		Debug|Any CPU = Debug|Any CPU
		Release|Any CPU = Release|Any CPU
	EndGlobalSection
	GlobalSection(ProjectConfigurationPlatforms) = postSolution
		{5B518736-1FE7-4EC6-8343-7B7C6366B410}.Debug|Any CPU.ActiveCfg = Debug|Any CPU
		{5B518736-1FE7-4EC6-8343-7B7C6366B410}.Debug|Any CPU.Build.0 = Debug|Any CPU
		{5B518736-1FE7-4EC6-8343-7B7C6366B410}.Release|Any CPU.ActiveCfg = Release|Any CPU
		{5B518736-1FE7-4EC6-8343-7B7C6366B410}.Release|Any CPU.Build.0 = Release|Any CPU
	EndGlobalSection
	GlobalSection(SolutionProperties) = preSolution
		HideSolutionNode = FALSE
	EndGlobalSection
	GlobalSection(ExtensibilityGlobals) = postSolution
		SolutionGuid = {16717501-42FB-4994-BDCA-CFD15F822745}
	EndGlobalSection
EndGlobal
